
Microsoft Visual Studio Solution File, Format Version 12.00
# Visual Studio Version 17
Project("{2150E333-8FDC-42A3-9474-1A3956D46DE8}") = "CMakePredefinedTargets", "CMakePredefinedTargets", "{791A3B1D-95BE-360C-B709-0D666EDF2BCC}"
EndProject
Project("{2150E333-8FDC-42A3-9474-1A3956D46DE8}") = "Libs", "Libs", "{397C047F-9C14-39AE-A194-826DFFE49664}"
EndProject
Project("{2150E333-8FDC-42A3-9474-1A3956D46DE8}") = "Tests", "Tests", "{87064255-74E6-3C17-9F9F-A55AE038E5AD}"
EndProject
Project("{8BC9CEB8-8B4A-11D0-8D11-00A0C91BC942}") = "ALL_BUILD", "ALL_BUILD.vcxproj", "{BD24DEC8-CCD8-3A70-A216-27D9669E3E86}"
	ProjectSection(ProjectDependencies) = postProject
		{35057EDC-28BC-3C5E-8120-69733B6AB39D} = {35057EDC-28BC-3C5E-8120-69733B6AB39D}
		{2C7704A2-C1AD-3123-AAA1-F8199D59C88E} = {2C7704A2-C1AD-3123-AAA1-F8199D59C88E}
		{4215E86C-A495-398F-A3AC-3D4532A38D4B} = {4215E86C-A495-398F-A3AC-3D4532A38D4B}
		{FD1B8E4D-B7AF-3C79-8E0D-8A7BDD015982} = {FD1B8E4D-B7AF-3C79-8E0D-8A7BDD015982}
		{E23751A5-DDDB-3B37-9AC5-1E62C0A9983E} = {E23751A5-DDDB-3B37-9AC5-1E62C0A9983E}
		{4003DCA8-3B85-355F-9EB1-A1BEA15FF225} = {4003DCA8-3B85-355F-9EB1-A1BEA15FF225}
		{1292F007-0C7F-338D-B457-89F35CE1516F} = {1292F007-0C7F-338D-B457-89F35CE1516F}
		{082DA16E-825A-3629-B1F7-A95DCEE05034} = {082DA16E-825A-3629-B1F7-A95DCEE05034}
		{8C5AF997-055D-3D1B-A39E-66F982FDF9F1} = {8C5AF997-055D-3D1B-A39E-66F982FDF9F1}
	EndProjectSection
EndProject
Project("{8BC9CEB8-8B4A-11D0-8D11-00A0C91BC942}") = "ZERO_CHECK", "ZERO_CHECK.vcxproj", "{35057EDC-28BC-3C5E-8120-69733B6AB39D}"
	ProjectSection(ProjectDependencies) = postProject
	EndProjectSection
EndProject
Project("{8BC9CEB8-8B4A-11D0-8D11-00A0C91BC942}") = "fullscreen", "fullscreen.vcxproj", "{2C7704A2-C1AD-3123-AAA1-F8199D59C88E}"
	ProjectSection(ProjectDependencies) = postProject
		{35057EDC-28BC-3C5E-8120-69733B6AB39D} = {35057EDC-28BC-3C5E-8120-69733B6AB39D}
		{4003DCA8-3B85-355F-9EB1-A1BEA15FF225} = {4003DCA8-3B85-355F-9EB1-A1BEA15FF225}
	EndProjectSection
EndProject
Project("{8BC9CEB8-8B4A-11D0-8D11-00A0C91BC942}") = "hidpi", "hidpi.vcxproj", "{4215E86C-A495-398F-A3AC-3D4532A38D4B}"
	ProjectSection(ProjectDependencies) = postProject
		{35057EDC-28BC-3C5E-8120-69733B6AB39D} = {35057EDC-28BC-3C5E-8120-69733B6AB39D}
		{4003DCA8-3B85-355F-9EB1-A1BEA15FF225} = {4003DCA8-3B85-355F-9EB1-A1BEA15FF225}
	EndProjectSection
EndProject
Project("{8BC9CEB8-8B4A-11D0-8D11-00A0C91BC942}") = "input_events", "input_events.vcxproj", "{FD1B8E4D-B7AF-3C79-8E0D-8A7BDD015982}"
	ProjectSection(ProjectDependencies) = postProject
		{35057EDC-28BC-3C5E-8120-69733B6AB39D} = {35057EDC-28BC-3C5E-8120-69733B6AB39D}
		{4003DCA8-3B85-355F-9EB1-A1BEA15FF225} = {4003DCA8-3B85-355F-9EB1-A1BEA15FF225}
	EndProjectSection
EndProject
Project("{8BC9CEB8-8B4A-11D0-8D11-00A0C91BC942}") = "input_events_cpp", "input_events_cpp.vcxproj", "{E23751A5-DDDB-3B37-9AC5-1E62C0A9983E}"
	ProjectSection(ProjectDependencies) = postProject
		{35057EDC-28BC-3C5E-8120-69733B6AB39D} = {35057EDC-28BC-3C5E-8120-69733B6AB39D}
		{4003DCA8-3B85-355F-9EB1-A1BEA15FF225} = {4003DCA8-3B85-355F-9EB1-A1BEA15FF225}
	EndProjectSection
EndProject
Project("{8BC9CEB8-8B4A-11D0-8D11-00A0C91BC942}") = "minifb", "minifb.vcxproj", "{4003DCA8-3B85-355F-9EB1-A1BEA15FF225}"
	ProjectSection(ProjectDependencies) = postProject
		{35057EDC-28BC-3C5E-8120-69733B6AB39D} = {35057EDC-28BC-3C5E-8120-69733B6AB39D}
	EndProjectSection
EndProject
Project("{8BC9CEB8-8B4A-11D0-8D11-00A0C91BC942}") = "multiple_windows", "multiple_windows.vcxproj", "{1292F007-0C7F-338D-B457-89F35CE1516F}"
	ProjectSection(ProjectDependencies) = postProject
		{35057EDC-28BC-3C5E-8120-69733B6AB39D} = {35057EDC-28BC-3C5E-8120-69733B6AB39D}
		{4003DCA8-3B85-355F-9EB1-A1BEA15FF225} = {4003DCA8-3B85-355F-9EB1-A1BEA15FF225}
	EndProjectSection
EndProject
Project("{8BC9CEB8-8B4A-11D0-8D11-00A0C91BC942}") = "noise", "noise.vcxproj", "{082DA16E-825A-3629-B1F7-A95DCEE05034}"
	ProjectSection(ProjectDependencies) = postProject
		{35057EDC-28BC-3C5E-8120-69733B6AB39D} = {35057EDC-28BC-3C5E-8120-69733B6AB39D}
		{4003DCA8-3B85-355F-9EB1-A1BEA15FF225} = {4003DCA8-3B85-355F-9EB1-A1BEA15FF225}
	EndProjectSection
EndProject
Project("{8BC9CEB8-8B4A-11D0-8D11-00A0C91BC942}") = "timer", "timer.vcxproj", "{8C5AF997-055D-3D1B-A39E-66F982FDF9F1}"
	ProjectSection(ProjectDependencies) = postProject
		{35057EDC-28BC-3C5E-8120-69733B6AB39D} = {35057EDC-28BC-3C5E-8120-69733B6AB39D}
		{4003DCA8-3B85-355F-9EB1-A1BEA15FF225} = {4003DCA8-3B85-355F-9EB1-A1BEA15FF225}
	EndProjectSection
EndProject
Global
	GlobalSection(SolutionConfigurationPlatforms) = preSolution
		Debug|x64 = Debug|x64
		Release|x64 = Release|x64
	EndGlobalSection
	GlobalSection(ProjectConfigurationPlatforms) = postSolution
		{BD24DEC8-CCD8-3A70-A216-27D9669E3E86}.Debug|x64.ActiveCfg = Debug|x64
		{BD24DEC8-CCD8-3A70-A216-27D9669E3E86}.Release|x64.ActiveCfg = Release|x64
		{35057EDC-28BC-3C5E-8120-69733B6AB39D}.Debug|x64.ActiveCfg = Debug|x64
		{35057EDC-28BC-3C5E-8120-69733B6AB39D}.Debug|x64.Build.0 = Debug|x64
		{35057EDC-28BC-3C5E-8120-69733B6AB39D}.Release|x64.ActiveCfg = Release|x64
		{35057EDC-28BC-3C5E-8120-69733B6AB39D}.Release|x64.Build.0 = Release|x64
		{2C7704A2-C1AD-3123-AAA1-F8199D59C88E}.Debug|x64.ActiveCfg = Debug|x64
		{2C7704A2-C1AD-3123-AAA1-F8199D59C88E}.Debug|x64.Build.0 = Debug|x64
		{2C7704A2-C1AD-3123-AAA1-F8199D59C88E}.Release|x64.ActiveCfg = Release|x64
		{2C7704A2-C1AD-3123-AAA1-F8199D59C88E}.Release|x64.Build.0 = Release|x64
		{4215E86C-A495-398F-A3AC-3D4532A38D4B}.Debug|x64.ActiveCfg = Debug|x64
		{4215E86C-A495-398F-A3AC-3D4532A38D4B}.Debug|x64.Build.0 = Debug|x64
		{4215E86C-A495-398F-A3AC-3D4532A38D4B}.Release|x64.ActiveCfg = Release|x64
		{4215E86C-A495-398F-A3AC-3D4532A38D4B}.Release|x64.Build.0 = Release|x64
		{FD1B8E4D-B7AF-3C79-8E0D-8A7BDD015982}.Debug|x64.ActiveCfg = Debug|x64
		{FD1B8E4D-B7AF-3C79-8E0D-8A7BDD015982}.Debug|x64.Build.0 = Debug|x64
		{FD1B8E4D-B7AF-3C79-8E0D-8A7BDD015982}.Release|x64.ActiveCfg = Release|x64
		{FD1B8E4D-B7AF-3C79-8E0D-8A7BDD015982}.Release|x64.Build.0 = Release|x64
		{E23751A5-DDDB-3B37-9AC5-1E62C0A9983E}.Debug|x64.ActiveCfg = Debug|x64
		{E23751A5-DDDB-3B37-9AC5-1E62C0A9983E}.Debug|x64.Build.0 = Debug|x64
		{E23751A5-DDDB-3B37-9AC5-1E62C0A9983E}.Release|x64.ActiveCfg = Release|x64
		{E23751A5-DDDB-3B37-9AC5-1E62C0A9983E}.Release|x64.Build.0 = Release|x64
		{4003DCA8-3B85-355F-9EB1-A1BEA15FF225}.Debug|x64.ActiveCfg = Debug|x64
		{4003DCA8-3B85-355F-9EB1-A1BEA15FF225}.Debug|x64.Build.0 = Debug|x64
		{4003DCA8-3B85-355F-9EB1-A1BEA15FF225}.Release|x64.ActiveCfg = Release|x64
		{4003DCA8-3B85-355F-9EB1-A1BEA15FF225}.Release|x64.Build.0 = Release|x64
		{1292F007-0C7F-338D-B457-89F35CE1516F}.Debug|x64.ActiveCfg = Debug|x64
		{1292F007-0C7F-338D-B457-89F35CE1516F}.Debug|x64.Build.0 = Debug|x64
		{1292F007-0C7F-338D-B457-89F35CE1516F}.Release|x64.ActiveCfg = Release|x64
		{1292F007-0C7F-338D-B457-89F35CE1516F}.Release|x64.Build.0 = Release|x64
		{082DA16E-825A-3629-B1F7-A95DCEE05034}.Debug|x64.ActiveCfg = Debug|x64
		{082DA16E-825A-3629-B1F7-A95DCEE05034}.Debug|x64.Build.0 = Debug|x64
		{082DA16E-825A-3629-B1F7-A95DCEE05034}.Release|x64.ActiveCfg = Release|x64
		{082DA16E-825A-3629-B1F7-A95DCEE05034}.Release|x64.Build.0 = Release|x64
		{8C5AF997-055D-3D1B-A39E-66F982FDF9F1}.Debug|x64.ActiveCfg = Debug|x64
		{8C5AF997-055D-3D1B-A39E-66F982FDF9F1}.Debug|x64.Build.0 = Debug|x64
		{8C5AF997-055D-3D1B-A39E-66F982FDF9F1}.Release|x64.ActiveCfg = Release|x64
		{8C5AF997-055D-3D1B-A39E-66F982FDF9F1}.Release|x64.Build.0 = Release|x64
	EndGlobalSection
	GlobalSection(NestedProjects) = preSolution
		{BD24DEC8-CCD8-3A70-A216-27D9669E3E86} = {791A3B1D-95BE-360C-B709-0D666EDF2BCC}
		{35057EDC-28BC-3C5E-8120-69733B6AB39D} = {791A3B1D-95BE-360C-B709-0D666EDF2BCC}
		{4003DCA8-3B85-355F-9EB1-A1BEA15FF225} = {397C047F-9C14-39AE-A194-826DFFE49664}
		{4215E86C-A495-398F-A3AC-3D4532A38D4B} = {87064255-74E6-3C17-9F9F-A55AE038E5AD}
		{FD1B8E4D-B7AF-3C79-8E0D-8A7BDD015982} = {87064255-74E6-3C17-9F9F-A55AE038E5AD}
		{E23751A5-DDDB-3B37-9AC5-1E62C0A9983E} = {87064255-74E6-3C17-9F9F-A55AE038E5AD}
		{1292F007-0C7F-338D-B457-89F35CE1516F} = {87064255-74E6-3C17-9F9F-A55AE038E5AD}
		{082DA16E-825A-3629-B1F7-A95DCEE05034} = {87064255-74E6-3C17-9F9F-A55AE038E5AD}
	EndGlobalSection
	GlobalSection(ExtensibilityGlobals) = postSolution
		SolutionGuid = {BA93F02D-CDB6-35C6-93ED-F65DCBED035C}
	EndGlobalSection
	GlobalSection(ExtensibilityAddIns) = postSolution
	EndGlobalSection
EndGlobal
